
Microsoft Visual Studio Solution File, Format Version 12.00
Project("{FAE04EC0-301F-11D3-BF4B-00C04F79EFBC}") = "SzogunUI.RocketService", "SzogunUI.RocketService.csproj", "{BA92DE18-7638-460A-95CA-63954E343AF5}"
EndProject
Global
	GlobalSection(SolutionConfigurationPlatforms) = preSolution
		Debug|Any CPU = Debug|Any CPU
		Release|Any CPU = Release|Any CPU
	EndGlobalSection
	GlobalSection(ProjectConfigurationPlatforms) = postSolution
		{BA92DE18-7638-460A-95CA-63954E343AF5}.Debug|Any CPU.ActiveCfg = Debug|Any CPU
		{BA92DE18-7638-460A-95CA-63954E343AF5}.Debug|Any CPU.Build.0 = Debug|Any CPU
		{BA92DE18-7638-460A-95CA-63954E343AF5}.Release|Any CPU.ActiveCfg = Release|Any CPU
		{BA92DE18-7638-460A-95CA-63954E343AF5}.Release|Any CPU.Build.0 = Release|Any CPU
	EndGlobalSection
EndGlobal
